
Microsoft Visual Studio Solution File, Format Version 12.00
# Visual Studio Version 16
VisualStudioVersion = 16.0.29709.97
MinimumVisualStudioVersion = 10.0.40219.1
Project("{FAE04EC0-301F-11D3-BF4B-00C04F79EFBC}") = "P03.EventLinq", "P03.EventLinq\P03.EventLinq.csproj", "{31C0947E-5486-4AB3-A644-08DC5DF1A588}"
EndProject
Global
	GlobalSection(SolutionConfigurationPlatforms) = preSolution
		Debug|Any CPU = Debug|Any CPU
		Release|Any CPU = Release|Any CPU
	EndGlobalSection
	GlobalSection(ProjectConfigurationPlatforms) = postSolution
		{31C0947E-5486-4AB3-A644-08DC5DF1A588}.Debug|Any CPU.ActiveCfg = Debug|Any CPU
		{31C0947E-5486-4AB3-A644-08DC5DF1A588}.Debug|Any CPU.Build.0 = Debug|Any CPU
		{31C0947E-5486-4AB3-A644-08DC5DF1A588}.Release|Any CPU.ActiveCfg = Release|Any CPU
		{31C0947E-5486-4AB3-A644-08DC5DF1A588}.Release|Any CPU.Build.0 = Release|Any CPU
	EndGlobalSection
	GlobalSection(SolutionProperties) = preSolution
		HideSolutionNode = FALSE
	EndGlobalSection
	GlobalSection(ExtensibilityGlobals) = postSolution
		SolutionGuid = {1CE8480A-14A6-47E1-9E0F-EF987E547225}
	EndGlobalSection
EndGlobal
